{
  "name": "Building-Website",
  "lockfileVersion": 3,
  "requires": true,
  "packages": {
    "": {
      "dependencies": {
        "alk-rex-bold": "^1.0.0",
        "archyedt-bold": "^1.0.0",
        "arial-geo": "^1.0.0",
        "arial-geo-bold": "^1.0.0",
        "bpg-banner": "^1.0.2",
        "bpg-glaho": "^1.0.0"
      }
    },
    "node_modules/alk-rex-bold": {
      "version": "1.0.0",
      "resolved": "https://registry.npmjs.org/alk-rex-bold/-/alk-rex-bold-1.0.0.tgz",
      "integrity": "sha512-WLd/qH4T7nymuSO36XYKxScUNJWYR1wGyTWGrBEaw6VN12LnZzwXnrmknVa9S9pHKaa8Z5ZirL5ymIEjq6ArwA=="
    },
    "node_modules/archyedt-bold": {
      "version": "1.0.0",
      "resolved": "https://registry.npmjs.org/archyedt-bold/-/archyedt-bold-1.0.0.tgz",
      "integrity": "sha512-X/e6aXunslhJZDlp8fqAa79vWJNkQyq0HvsmHJ2DQZg91sBbQsKTuTkVo0u8lQBp7VJvHPlGOEbSTmEpH+6cLw=="
    },
    "node_modules/arial-geo": {
      "version": "1.0.0",
      "resolved": "https://registry.npmjs.org/arial-geo/-/arial-geo-1.0.0.tgz",
      "integrity": "sha512-b6Zj31v2q9pcoaDMBZvxxiVXYrfODu6of3BRDrghRcegT44kO2erY7xWIYZH2O3mVxqMyExoDAnffN7CPtST7Q=="
    },
    "node_modules/arial-geo-bold": {
      "version": "1.0.0",
      "resolved": "https://registry.npmjs.org/arial-geo-bold/-/arial-geo-bold-1.0.0.tgz",
      "integrity": "sha512-u+vpbMBO53xV2qtcl2BXPbC7uBdjsLy0glxVacvDzQkYnDnw0FbboFAWR05WzSVagE5T8ZEA7SzN4D5Tav1wmg=="
    },
    "node_modules/bpg-banner": {
      "version": "1.0.2",
      "resolved": "https://registry.npmjs.org/bpg-banner/-/bpg-banner-1.0.2.tgz",
      "integrity": "sha512-4NHP03dcqmu0nqgWynhA8pq1jIq3qR7UQi1cr2W4Aqy6+kJYAQSD18CXS8jzc+suqpZPeA0YDGZHyxO+H41I3g=="
    },
    "node_modules/bpg-glaho": {
      "version": "1.0.0",
      "resolved": "https://registry.npmjs.org/bpg-glaho/-/bpg-glaho-1.0.0.tgz",
      "integrity": "sha512-jLRwwWjx8PoaHu3sb17Ii3RqgUvdzpH+k1AcJ3bjk74q4An+vkNtcz3JaVfv6HXmD9AHePcTjj75IF9ZfX1xdw=="
    }
  }
}
